// !$*UTF8*$!
{
	archiveVersion = 1;
	classes = {
	};
	objectVersion = 46;
	objects = {

/* Begin PBXBuildFile section */
		68921FF31E17DD5C005957F0 /* AppDelegate.swift in Sources */ = {isa = PBXBuildFile; fileRef = 68921FF21E17DD5C005957F0 /* AppDelegate.swift */; };
		68921FF51E17DD5C005957F0 /* WebViewController.swift in Sources */ = {isa = PBXBuildFile; fileRef = 68921FF41E17DD5C005957F0 /* WebViewController.swift */; };
		68921FF81E17DD5C005957F0 /* Main.storyboard in Resources */ = {isa = PBXBuildFile; fileRef = 68921FF61E17DD5C005957F0 /* Main.storyboard */; };
		68921FFA1E17DD5C005957F0 /* Assets.xcassets in Resources */ = {isa = PBXBuildFile; fileRef = 68921FF91E17DD5C005957F0 /* Assets.xcassets */; };
		68921FFD1E17DD5C005957F0 /* LaunchScreen.storyboard in Resources */ = {isa = PBXBuildFile; fileRef = 68921FFB1E17DD5C005957F0 /* LaunchScreen.storyboard */; };
/* End PBXBuildFile section */

/* Begin PBXFileReference section */
		68921FEF1E17DD5C005957F0 /* MagicMirrorApp.app */ = {isa = PBXFileReference; explicitFileType = wrapper.application; includeInIndex = 0; path = MagicMirrorApp.app; sourceTree = BUILT_PRODUCTS_DIR; };
		68921FF21E17DD5C005957F0 /* AppDelegate.swift */ = {isa = PBXFileReference; lastKnownFileType = sourcecode.swift; path = AppDelegate.swift; sourceTree = "<group>"; };
		68921FF41E17DD5C005957F0 /* WebViewController.swift */ = {isa = PBXFileReference; lastKnownFileType = sourcecode.swift; path = WebViewController.swift; sourceTree = "<group>"; };
		68921FF71E17DD5C005957F0 /* Base */ = {isa = PBXFileReference; lastKnownFileType = file.storyboard; name = Base; path = Base.lproj/Main.storyboard; sourceTree = "<group>"; };
		68921FF91E17DD5C005957F0 /* Assets.xcassets */ = {isa = PBXFileReference; lastKnownFileType = folder.assetcatalog; path = Assets.xcassets; sourceTree = "<group>"; };
		68921FFC1E17DD5C005957F0 /* Base */ = {isa = PBXFileReference; lastKnownFileType = file.storyboard; name = Base; path = Base.lproj/LaunchScreen.storyboard; sourceTree = "<group>"; };
		68921FFE1E17DD5C005957F0 /* Info.plist */ = {isa = PBXFileReference; lastKnownFileType = text.plist.xml; path = Info.plist; sourceTree = "<group>"; };
/* End PBXFileReference section */

/* Begin PBXFrameworksBuildPhase section */
		68921FEC1E17DD5C005957F0 /* Frameworks */ = {
			isa = PBXFrameworksBuildPhase;
			buildActionMask = 2147483647;
			files = (
			);
			runOnlyForDeploymentPostprocessing = 0;
		};
/* End PBXFrameworksBuildPhase section */

/* Begin PBXGroup section */
		68921FE61E17DD5C005957F0 = {
			isa = PBXGroup;
			children = (
				68921FF11E17DD5C005957F0 /* MagicMirrorApp */,
				68921FF01E17DD5C005957F0 /* Products */,
			);
			sourceTree = "<group>";
		};
		68921FF01E17DD5C005957F0 /* Products */ = {
			isa = PBXGroup;
			children = (
				68921FEF1E17DD5C005957F0 /* MagicMirrorApp.app */,
			);
			name = Products;
			sourceTree = "<group>";
		};
		68921FF11E17DD5C005957F0 /* MagicMirrorApp */ = {
			isa = PBXGroup;
			children = (
				68921FF21E17DD5C005957F0 /* AppDelegate.swift */,
				68921FF41E17DD5C005957F0 /* WebViewController.swift */,
				68921FF61E17DD5C005957F0 /* Main.storyboard */,
				68921FF91E17DD5C005957F0 /* Assets.xcassets */,
				68921FFB1E17DD5C005957F0 /* LaunchScreen.storyboard */,
				68921FFE1E17DD5C005957F0 /* Info.plist */,
			);
			path = MagicMirrorApp;
			sourceTree = "<group>";
		};
/* End PBXGroup section */

/* Begin PBXNativeTarget section */
		68921FEE1E17DD5C005957F0 /* MagicMirrorApp */ = {
			isa = PBXNativeTarget;
			buildConfigurationList = 689220011E17DD5C005957F0 /* Build configuration list for PBXNativeTarget "MagicMirrorApp" */;
			buildPhases = (
				68921FEB1E17DD5C005957F0 /* Sources */,
				68921FEC1E17DD5C005957F0 /* Frameworks */,
				68921FED1E17DD5C005957F0 /* Resources */,
			);
			buildRules = (
			);
			dependencies = (
			);
			name = MagicMirrorApp;
			productName = MagicMirrorApp;
			productReference = 68921FEF1E17DD5C005957F0 /* MagicMirrorApp.app */;
			productType = "com.apple.product-type.application";
		};
/* End PBXNativeTarget section */

/* Begin PBXProject section */
		68921FE71E17DD5C005957F0 /* Project object */ = {
			isa = PBXProject;
			attributes = {
				LastSwiftUpdateCheck = 0810;
				LastUpgradeCheck = 0810;
				ORGANIZATIONNAME = "Wayne Rumble";
				TargetAttributes = {
					68921FEE1E17DD5C005957F0 = {
						CreatedOnToolsVersion = 8.1;
						DevelopmentTeam = L3QZJU3LP7;
						ProvisioningStyle = Automatic;
					};
				};
			};
			buildConfigurationList = 68921FEA1E17DD5C005957F0 /* Build configuration list for PBXProject "MagicMirrorApp" */;
			compatibilityVersion = "Xcode 3.2";
			developmentRegion = English;
			hasScannedForEncodings = 0;
			knownRegions = (
				en,
				Base,
			);
			mainGroup = 68921FE61E17DD5C005957F0;
			productRefGroup = 68921FF01E17DD5C005957F0 /* Products */;
			projectDirPath = "";
			projectRoot = "";
			targets = (
				68921FEE1E17DD5C005957F0 /* MagicMirrorApp */,
			);
		};
/* End PBXProject section */

/* Begin PBXResourcesBuildPhase section */
		68921FED1E17DD5C005957F0 /* Resources */ = {
			isa = PBXResourcesBuildPhase;
			buildActionMask = 2147483647;
			files = (
				68921FFD1E17DD5C005957F0 /* LaunchScreen.storyboard in Resources */,
				68921FFA1E17DD5C005957F0 /* Assets.xcassets in Resources */,
				68921FF81E17DD5C005957F0 /* Main.storyboard in Resources */,
			);
			runOnlyForDeploymentPostprocessing = 0;
		};
/* End PBXResourcesBuildPhase section */

/* Begin PBXSourcesBuildPhase section */
		68921FEB1E17DD5C005957F0 /* Sources */ = {
			isa = PBXSourcesBuildPhase;
			buildActionMask = 2147483647;
			files = (
				68921FF51E17DD5C005957F0 /* WebViewController.swift in Sources */,
				68921FF31E17DD5C005957F0 /* AppDelegate.swift in Sources */,
			);
			runOnlyForDeploymentPostprocessing = 0;
		};
/* End PBXSourcesBuildPhase section */

/* Begin PBXVariantGroup section */
		68921FF61E17DD5C005957F0 /* Main.storyboard */ = {
			isa = PBXVariantGroup;
			children = (
				68921FF71E17DD5C005957F0 /* Base */,
			);
			name = Main.storyboard;
			sourceTree = "<group>";
		};
		68921FFB1E17DD5C005957F0 /* LaunchScreen.storyboard */ = {
			isa = PBXVariantGroup;
			children = (
				68921FFC1E17DD5C005957F0 /* Base */,
			);
			name = LaunchScreen.storyboard;
			sourceTree = "<group>";
		};
/* End PBXVariantGroup section */

/* Begin XCBuildConfiguration section */
		68921FFF1E17DD5C005957F0 /* Debug */ = {
			isa = XCBuildConfiguration;
			buildSettings = {
				ALWAYS_SEARCH_USER_PATHS = NO;
				CLANG_ANALYZER_NONNULL = YES;
				CLANG_CXX_LANGUAGE_STANDARD = "gnu++0x";
				CLANG_CXX_LIBRARY = "libc++";
				CLANG_ENABLE_MODULES = YES;
				CLANG_ENABLE_OBJC_ARC = YES;
				CLANG_WARN_BOOL_CONVERSION = YES;
				CLANG_WARN_CONSTANT_CONVERSION = YES;
				CLANG_WARN_DIRECT_OBJC_ISA_USAGE = YES_ERROR;
				CLANG_WARN_DOCUMENTATION_COMMENTS = YES;
				CLANG_WARN_EMPTY_BODY = YES;
				CLANG_WARN_ENUM_CONVERSION = YES;
				CLANG_WARN_INFINITE_RECURSION = YES;
				CLANG_WARN_INT_CONVERSION = YES;
				CLANG_WARN_OBJC_ROOT_CLASS = YES_ERROR;
				CLANG_WARN_SUSPICIOUS_MOVES = YES;
				CLANG_WARN_UNREACHABLE_CODE = YES;
				CLANG_WARN__DUPLICATE_METHOD_MATCH = YES;
				"CODE_SIGN_IDENTITY[sdk=iphoneos*]" = "iPhone Developer";
				COPY_PHASE_STRIP = NO;
				DEBUG_INFORMATION_FORMAT = dwarf;
				ENABLE_STRICT_OBJC_MSGSEND = YES;
				ENABLE_TESTABILITY = YES;
				GCC_C_LANGUAGE_STANDARD = gnu99;
				GCC_DYNAMIC_NO_PIC = NO;
				GCC_NO_COMMON_BLOCKS = YES;
				GCC_OPTIMIZATION_LEVEL = 0;
				GCC_PREPROCESSOR_DEFINITIONS = (
					"DEBUG=1",
					"$(inherited)",
				);
				GCC_WARN_64_TO_32_BIT_CONVERSION = YES;
				GCC_WARN_ABOUT_RETURN_TYPE = YES_ERROR;
				GCC_WARN_UNDECLARED_SELECTOR = YES;
				GCC_WARN_UNINITIALIZED_AUTOS = YES_AGGRESSIVE;
				GCC_WARN_UNUSED_FUNCTION = YES;
				GCC_WARN_UNUSED_VARIABLE = YES;
				IPHONEOS_DEPLOYMENT_TARGET = 9.3;
				MTL_ENABLE_DEBUG_INFO = YES;
				ONLY_ACTIVE_ARCH = YES;
				SDKROOT = iphoneos;
				SWIFT_ACTIVE_COMPILATION_CONDITIONS = DEBUG;
				SWIFT_OPTIMIZATION_LEVEL = "-Onone";
				TARGETED_DEVICE_FAMILY = "1,2";
			};
			name = Debug;
		};
		689220001E17DD5C005957F0 /* Release */ = {
			isa = XCBuildConfiguration;
			buildSettings = {
				ALWAYS_SEARCH_USER_PATHS = NO;
				CLANG_ANALYZER_NONNULL = YES;
				CLANG_CXX_LANGUAGE_STANDARD = "gnu++0x";
				CLANG_CXX_LIBRARY = "libc++";
				CLANG_ENABLE_MODULES = YES;
				CLANG_ENABLE_OBJC_ARC = YES;
				CLANG_WARN_BOOL_CONVERSION = YES;
				CLANG_WARN_CONSTANT_CONVERSION = YES;
				CLANG_WARN_DIRECT_OBJC_ISA_USAGE = YES_ERROR;
				CLANG_WARN_DOCUMENTATION_COMMENTS = YES;
				CLANG_WARN_EMPTY_BODY = YES;
				CLANG_WARN_ENUM_CONVERSION = YES;
				CLANG_WARN_INFINITE_RECURSION = YES;
				CLANG_WARN_INT_CONVERSION = YES;
				CLANG_WARN_OBJC_ROOT_CLASS = YES_ERROR;
				CLANG_WARN_SUSPICIOUS_MOVES = YES;
				CLANG_WARN_UNREACHABLE_CODE = YES;
				CLANG_WARN__DUPLICATE_METHOD_MATCH = YES;
				"CODE_SIGN_IDENTITY[sdk=iphoneos*]" = "iPhone Developer";
				COPY_PHASE_STRIP = NO;
				DEBUG_INFORMATION_FORMAT = "dwarf-with-dsym";
				ENABLE_NS_ASSERTIONS = NO;
				ENABLE_STRICT_OBJC_MSGSEND = YES;
				GCC_C_LANGUAGE_STANDARD = gnu99;
				GCC_NO_COMMON_BLOCKS = YES;
				GCC_WARN_64_TO_32_BIT_CONVERSION = YES;
				GCC_WARN_ABOUT_RETURN_TYPE = YES_ERROR;
				GCC_WARN_UNDECLARED_SELECTOR = YES;
				GCC_WARN_UNINITIALIZED_AUTOS = YES_AGGRESSIVE;
				GCC_WARN_UNUSED_FUNCTION = YES;
				GCC_WARN_UNUSED_VARIABLE = YES;
				IPHONEOS_DEPLOYMENT_TARGET = 9.3;
				MTL_ENABLE_DEBUG_INFO = NO;
				SDKROOT = iphoneos;
				SWIFT_OPTIMIZATION_LEVEL = "-Owholemodule";
				TARGETED_DEVICE_FAMILY = "1,2";
				VALIDATE_PRODUCT = YES;
			};
			name = Release;
		};
		689220021E17DD5C005957F0 /* Debug */ = {
			isa = XCBuildConfiguration;
			buildSettings = {
				ASSETCATALOG_COMPILER_APPICON_NAME = AppIcon;
				DEVELOPMENT_TEAM = L3QZJU3LP7;
				INFOPLIST_FILE = MagicMirrorApp/Info.plist;
				LD_RUNPATH_SEARCH_PATHS = "$(inherited) @executable_path/Frameworks";
				PRODUCT_BUNDLE_IDENTIFIER = com.waynerumble.MagicMirrorApp;
				PRODUCT_NAME = "$(TARGET_NAME)";
				SWIFT_VERSION = 3.0;
			};
			name = Debug;
		};
		689220031E17DD5C005957F0 /* Release */ = {
			isa = XCBuildConfiguration;
			buildSettings = {
				ASSETCATALOG_COMPILER_APPICON_NAME = AppIcon;
				DEVELOPMENT_TEAM = L3QZJU3LP7;
				INFOPLIST_FILE = MagicMirrorApp/Info.plist;
				LD_RUNPATH_SEARCH_PATHS = "$(inherited) @executable_path/Frameworks";
				PRODUCT_BUNDLE_IDENTIFIER = com.waynerumble.MagicMirrorApp;
				PRODUCT_NAME = "$(TARGET_NAME)";
				SWIFT_VERSION = 3.0;
			};
			name = Release;
		};
/* End XCBuildConfiguration section */

/* Begin XCConfigurationList section */
		68921FEA1E17DD5C005957F0 /* Build configuration list for PBXProject "MagicMirrorApp" */ = {
			isa = XCConfigurationList;
			buildConfigurations = (
				68921FFF1E17DD5C005957F0 /* Debug */,
				689220001E17DD5C005957F0 /* Release */,
			);
			defaultConfigurationIsVisible = 0;
			defaultConfigurationName = Release;
		};
		689220011E17DD5C005957F0 /* Build configuration list for PBXNativeTarget "MagicMirrorApp" */ = {
			isa = XCConfigurationList;
			buildConfigurations = (
				689220021E17DD5C005957F0 /* Debug */,
				689220031E17DD5C005957F0 /* Release */,
			);
			defaultConfigurationIsVisible = 0;
		};
/* End XCConfigurationList section */
	};
	rootObject = 68921FE71E17DD5C005957F0 /* Project object */;
}
